// !$*UTF8*$!
{
	archiveVersion = 1;
	classes = {
	};
	objectVersion = 46;
	objects = {

/* Begin PBXBuildFile section */
		A63546481C05CF45008B12A1 /* WeatherViewController.swift in Sources */ = {isa = PBXBuildFile; fileRef = A63546471C05CF45008B12A1 /* WeatherViewController.swift */; };
		A635464D1C05D6DF008B12A1 /* Heavitas.ttf in Resources */ = {isa = PBXBuildFile; fileRef = A635464C1C05D6DF008B12A1 /* Heavitas.ttf */; };
		A635464F1C05D776008B12A1 /* BMDOHYEON_otf.otf in Resources */ = {isa = PBXBuildFile; fileRef = A635464E1C05D776008B12A1 /* BMDOHYEON_otf.otf */; };
		A6D02EA31C04BCF30028FB1D /* AppDelegate.swift in Sources */ = {isa = PBXBuildFile; fileRef = A6D02EA21C04BCF30028FB1D /* AppDelegate.swift */; };
		A6D02EA51C04BCF30028FB1D /* ViewController.swift in Sources */ = {isa = PBXBuildFile; fileRef = A6D02EA41C04BCF30028FB1D /* ViewController.swift */; };
		A6D02EA81C04BCF30028FB1D /* Main.storyboard in Resources */ = {isa = PBXBuildFile; fileRef = A6D02EA61C04BCF30028FB1D /* Main.storyboard */; };
		A6D02EAA1C04BCF30028FB1D /* Assets.xcassets in Resources */ = {isa = PBXBuildFile; fileRef = A6D02EA91C04BCF30028FB1D /* Assets.xcassets */; };
		A6D02EAD1C04BCF30028FB1D /* LaunchScreen.storyboard in Resources */ = {isa = PBXBuildFile; fileRef = A6D02EAB1C04BCF30028FB1D /* LaunchScreen.storyboard */; };
		A6FE400F1C05DC6800D0F63A /* WeatherContentView.swift in Sources */ = {isa = PBXBuildFile; fileRef = A6FE400E1C05DC6800D0F63A /* WeatherContentView.swift */; };
/* End PBXBuildFile section */

/* Begin PBXFileReference section */
		A63546471C05CF45008B12A1 /* WeatherViewController.swift */ = {isa = PBXFileReference; fileEncoding = 4; lastKnownFileType = sourcecode.swift; path = WeatherViewController.swift; sourceTree = "<group>"; };
		A635464C1C05D6DF008B12A1 /* Heavitas.ttf */ = {isa = PBXFileReference; lastKnownFileType = file; path = Heavitas.ttf; sourceTree = "<group>"; };
		A635464E1C05D776008B12A1 /* BMDOHYEON_otf.otf */ = {isa = PBXFileReference; lastKnownFileType = file; path = BMDOHYEON_otf.otf; sourceTree = "<group>"; };
		A6D02E9F1C04BCF30028FB1D /* WeatherNow.app */ = {isa = PBXFileReference; explicitFileType = wrapper.application; includeInIndex = 0; path = WeatherNow.app; sourceTree = BUILT_PRODUCTS_DIR; };
		A6D02EA21C04BCF30028FB1D /* AppDelegate.swift */ = {isa = PBXFileReference; lastKnownFileType = sourcecode.swift; path = AppDelegate.swift; sourceTree = "<group>"; };
		A6D02EA41C04BCF30028FB1D /* ViewController.swift */ = {isa = PBXFileReference; lastKnownFileType = sourcecode.swift; path = ViewController.swift; sourceTree = "<group>"; };
		A6D02EA71C04BCF30028FB1D /* Base */ = {isa = PBXFileReference; lastKnownFileType = file.storyboard; name = Base; path = Base.lproj/Main.storyboard; sourceTree = "<group>"; };
		A6D02EA91C04BCF30028FB1D /* Assets.xcassets */ = {isa = PBXFileReference; lastKnownFileType = folder.assetcatalog; path = Assets.xcassets; sourceTree = "<group>"; };
		A6D02EAC1C04BCF30028FB1D /* Base */ = {isa = PBXFileReference; lastKnownFileType = file.storyboard; name = Base; path = Base.lproj/LaunchScreen.storyboard; sourceTree = "<group>"; };
		A6D02EAE1C04BCF30028FB1D /* Info.plist */ = {isa = PBXFileReference; lastKnownFileType = text.plist.xml; path = Info.plist; sourceTree = "<group>"; };
		A6FE400E1C05DC6800D0F63A /* WeatherContentView.swift */ = {isa = PBXFileReference; fileEncoding = 4; lastKnownFileType = sourcecode.swift; path = WeatherContentView.swift; sourceTree = "<group>"; };
/* End PBXFileReference section */

/* Begin PBXFrameworksBuildPhase section */
		A6D02E9C1C04BCF30028FB1D /* Frameworks */ = {
			isa = PBXFrameworksBuildPhase;
			buildActionMask = 2147483647;
			files = (
			);
			runOnlyForDeploymentPostprocessing = 0;
		};
/* End PBXFrameworksBuildPhase section */

/* Begin PBXGroup section */
		A63546491C05CF4D008B12A1 /* Model */ = {
			isa = PBXGroup;
			children = (
			);
			name = Model;
			sourceTree = "<group>";
		};
		A635464A1C05CF51008B12A1 /* View */ = {
			isa = PBXGroup;
			children = (
				A6D02EA61C04BCF30028FB1D /* Main.storyboard */,
			);
			name = View;
			sourceTree = "<group>";
		};
		A635464B1C05CF56008B12A1 /* Controller */ = {
			isa = PBXGroup;
			children = (
				A63546471C05CF45008B12A1 /* WeatherViewController.swift */,
				A6D02EA41C04BCF30028FB1D /* ViewController.swift */,
				A6FE400E1C05DC6800D0F63A /* WeatherContentView.swift */,
			);
			name = Controller;
			sourceTree = "<group>";
		};
		A6D02E961C04BCF30028FB1D = {
			isa = PBXGroup;
			children = (
				A6D02EA11C04BCF30028FB1D /* WeatherNow */,
				A6D02EA01C04BCF30028FB1D /* Products */,
			);
			sourceTree = "<group>";
		};
		A6D02EA01C04BCF30028FB1D /* Products */ = {
			isa = PBXGroup;
			children = (
				A6D02E9F1C04BCF30028FB1D /* WeatherNow.app */,
			);
			name = Products;
			sourceTree = "<group>";
		};
		A6D02EA11C04BCF30028FB1D /* WeatherNow */ = {
			isa = PBXGroup;
			children = (
				A63546491C05CF4D008B12A1 /* Model */,
				A635464A1C05CF51008B12A1 /* View */,
				A635464B1C05CF56008B12A1 /* Controller */,
				A6FE40101C05E3ED00D0F63A /* Resource */,
				A6D02EA21C04BCF30028FB1D /* AppDelegate.swift */,
				A6D02EA91C04BCF30028FB1D /* Assets.xcassets */,
				A6D02EAB1C04BCF30028FB1D /* LaunchScreen.storyboard */,
				A6D02EAE1C04BCF30028FB1D /* Info.plist */,
			);
			path = WeatherNow;
			sourceTree = "<group>";
		};
		A6FE40101C05E3ED00D0F63A /* Resource */ = {
			isa = PBXGroup;
			children = (
				A635464C1C05D6DF008B12A1 /* Heavitas.ttf */,
				A635464E1C05D776008B12A1 /* BMDOHYEON_otf.otf */,
			);
			name = Resource;
			sourceTree = "<group>";
		};
/* End PBXGroup section */

/* Begin PBXNativeTarget section */
		A6D02E9E1C04BCF30028FB1D /* WeatherNow */ = {
			isa = PBXNativeTarget;
			buildConfigurationList = A6D02EB11C04BCF30028FB1D /* Build configuration list for PBXNativeTarget "WeatherNow" */;
			buildPhases = (
				A6D02E9B1C04BCF30028FB1D /* Sources */,
				A6D02E9C1C04BCF30028FB1D /* Frameworks */,
				A6D02E9D1C04BCF30028FB1D /* Resources */,
			);
			buildRules = (
			);
			dependencies = (
			);
			name = WeatherNow;
			productName = WeatherNow;
			productReference = A6D02E9F1C04BCF30028FB1D /* WeatherNow.app */;
			productType = "com.apple.product-type.application";
		};
/* End PBXNativeTarget section */

/* Begin PBXProject section */
		A6D02E971C04BCF30028FB1D /* Project object */ = {
			isa = PBXProject;
			attributes = {
				LastSwiftUpdateCheck = 0710;
				LastUpgradeCheck = 0710;
				ORGANIZATIONNAME = "Yong Jae Kim";
				TargetAttributes = {
					A6D02E9E1C04BCF30028FB1D = {
						CreatedOnToolsVersion = 7.1.1;
					};
				};
			};
			buildConfigurationList = A6D02E9A1C04BCF30028FB1D /* Build configuration list for PBXProject "WeatherNow" */;
			compatibilityVersion = "Xcode 3.2";
			developmentRegion = English;
			hasScannedForEncodings = 0;
			knownRegions = (
				en,
				Base,
			);
			mainGroup = A6D02E961C04BCF30028FB1D;
			productRefGroup = A6D02EA01C04BCF30028FB1D /* Products */;
			projectDirPath = "";
			projectRoot = "";
			targets = (
				A6D02E9E1C04BCF30028FB1D /* WeatherNow */,
			);
		};
/* End PBXProject section */

/* Begin PBXResourcesBuildPhase section */
		A6D02E9D1C04BCF30028FB1D /* Resources */ = {
			isa = PBXResourcesBuildPhase;
			buildActionMask = 2147483647;
			files = (
				A6D02EAD1C04BCF30028FB1D /* LaunchScreen.storyboard in Resources */,
				A635464D1C05D6DF008B12A1 /* Heavitas.ttf in Resources */,
				A6D02EAA1C04BCF30028FB1D /* Assets.xcassets in Resources */,
				A635464F1C05D776008B12A1 /* BMDOHYEON_otf.otf in Resources */,
				A6D02EA81C04BCF30028FB1D /* Main.storyboard in Resources */,
			);
			runOnlyForDeploymentPostprocessing = 0;
		};
/* End PBXResourcesBuildPhase section */

/* Begin PBXSourcesBuildPhase section */
		A6D02E9B1C04BCF30028FB1D /* Sources */ = {
			isa = PBXSourcesBuildPhase;
			buildActionMask = 2147483647;
			files = (
				A6D02EA51C04BCF30028FB1D /* ViewController.swift in Sources */,
				A6FE400F1C05DC6800D0F63A /* WeatherContentView.swift in Sources */,
				A63546481C05CF45008B12A1 /* WeatherViewController.swift in Sources */,
				A6D02EA31C04BCF30028FB1D /* AppDelegate.swift in Sources */,
			);
			runOnlyForDeploymentPostprocessing = 0;
		};
/* End PBXSourcesBuildPhase section */

/* Begin PBXVariantGroup section */
		A6D02EA61C04BCF30028FB1D /* Main.storyboard */ = {
			isa = PBXVariantGroup;
			children = (
				A6D02EA71C04BCF30028FB1D /* Base */,
			);
			name = Main.storyboard;
			sourceTree = "<group>";
		};
		A6D02EAB1C04BCF30028FB1D /* LaunchScreen.storyboard */ = {
			isa = PBXVariantGroup;
			children = (
				A6D02EAC1C04BCF30028FB1D /* Base */,
			);
			name = LaunchScreen.storyboard;
			sourceTree = "<group>";
		};
/* End PBXVariantGroup section */

/* Begin XCBuildConfiguration section */
		A6D02EAF1C04BCF30028FB1D /* Debug */ = {
			isa = XCBuildConfiguration;
			buildSettings = {
				ALWAYS_SEARCH_USER_PATHS = NO;
				CLANG_CXX_LANGUAGE_STANDARD = "gnu++0x";
				CLANG_CXX_LIBRARY = "libc++";
				CLANG_ENABLE_MODULES = YES;
				CLANG_ENABLE_OBJC_ARC = YES;
				CLANG_WARN_BOOL_CONVERSION = YES;
				CLANG_WARN_CONSTANT_CONVERSION = YES;
				CLANG_WARN_DIRECT_OBJC_ISA_USAGE = YES_ERROR;
				CLANG_WARN_EMPTY_BODY = YES;
				CLANG_WARN_ENUM_CONVERSION = YES;
				CLANG_WARN_INT_CONVERSION = YES;
				CLANG_WARN_OBJC_ROOT_CLASS = YES_ERROR;
				CLANG_WARN_UNREACHABLE_CODE = YES;
				CLANG_WARN__DUPLICATE_METHOD_MATCH = YES;
				"CODE_SIGN_IDENTITY[sdk=iphoneos*]" = "iPhone Developer";
				COPY_PHASE_STRIP = NO;
				DEBUG_INFORMATION_FORMAT = dwarf;
				ENABLE_STRICT_OBJC_MSGSEND = YES;
				ENABLE_TESTABILITY = YES;
				GCC_C_LANGUAGE_STANDARD = gnu99;
				GCC_DYNAMIC_NO_PIC = NO;
				GCC_NO_COMMON_BLOCKS = YES;
				GCC_OPTIMIZATION_LEVEL = 0;
				GCC_PREPROCESSOR_DEFINITIONS = (
					"DEBUG=1",
					"$(inherited)",
				);
				GCC_WARN_64_TO_32_BIT_CONVERSION = YES;
				GCC_WARN_ABOUT_RETURN_TYPE = YES_ERROR;
				GCC_WARN_UNDECLARED_SELECTOR = YES;
				GCC_WARN_UNINITIALIZED_AUTOS = YES_AGGRESSIVE;
				GCC_WARN_UNUSED_FUNCTION = YES;
				GCC_WARN_UNUSED_VARIABLE = YES;
				IPHONEOS_DEPLOYMENT_TARGET = 9.1;
				MTL_ENABLE_DEBUG_INFO = YES;
				ONLY_ACTIVE_ARCH = YES;
				SDKROOT = iphoneos;
				SWIFT_OPTIMIZATION_LEVEL = "-Onone";
				TARGETED_DEVICE_FAMILY = "1,2";
			};
			name = Debug;
		};
		A6D02EB01C04BCF30028FB1D /* Release */ = {
			isa = XCBuildConfiguration;
			buildSettings = {
				ALWAYS_SEARCH_USER_PATHS = NO;
				CLANG_CXX_LANGUAGE_STANDARD = "gnu++0x";
				CLANG_CXX_LIBRARY = "libc++";
				CLANG_ENABLE_MODULES = YES;
				CLANG_ENABLE_OBJC_ARC = YES;
				CLANG_WARN_BOOL_CONVERSION = YES;
				CLANG_WARN_CONSTANT_CONVERSION = YES;
				CLANG_WARN_DIRECT_OBJC_ISA_USAGE = YES_ERROR;
				CLANG_WARN_EMPTY_BODY = YES;
				CLANG_WARN_ENUM_CONVERSION = YES;
				CLANG_WARN_INT_CONVERSION = YES;
				CLANG_WARN_OBJC_ROOT_CLASS = YES_ERROR;
				CLANG_WARN_UNREACHABLE_CODE = YES;
				CLANG_WARN__DUPLICATE_METHOD_MATCH = YES;
				"CODE_SIGN_IDENTITY[sdk=iphoneos*]" = "iPhone Developer";
				COPY_PHASE_STRIP = NO;
				DEBUG_INFORMATION_FORMAT = "dwarf-with-dsym";
				ENABLE_NS_ASSERTIONS = NO;
				ENABLE_STRICT_OBJC_MSGSEND = YES;
				GCC_C_LANGUAGE_STANDARD = gnu99;
				GCC_NO_COMMON_BLOCKS = YES;
				GCC_WARN_64_TO_32_BIT_CONVERSION = YES;
				GCC_WARN_ABOUT_RETURN_TYPE = YES_ERROR;
				GCC_WARN_UNDECLARED_SELECTOR = YES;
				GCC_WARN_UNINITIALIZED_AUTOS = YES_AGGRESSIVE;
				GCC_WARN_UNUSED_FUNCTION = YES;
				GCC_WARN_UNUSED_VARIABLE = YES;
				IPHONEOS_DEPLOYMENT_TARGET = 9.1;
				MTL_ENABLE_DEBUG_INFO = NO;
				SDKROOT = iphoneos;
				TARGETED_DEVICE_FAMILY = "1,2";
				VALIDATE_PRODUCT = YES;
			};
			name = Release;
		};
		A6D02EB21C04BCF30028FB1D /* Debug */ = {
			isa = XCBuildConfiguration;
			buildSettings = {
				ASSETCATALOG_COMPILER_APPICON_NAME = AppIcon;
				INFOPLIST_FILE = WeatherNow/Info.plist;
				LD_RUNPATH_SEARCH_PATHS = "$(inherited) @executable_path/Frameworks";
				PRODUCT_BUNDLE_IDENTIFIER = burgyDev.WeatherNow;
				PRODUCT_NAME = "$(TARGET_NAME)";
			};
			name = Debug;
		};
		A6D02EB31C04BCF30028FB1D /* Release */ = {
			isa = XCBuildConfiguration;
			buildSettings = {
				ASSETCATALOG_COMPILER_APPICON_NAME = AppIcon;
				INFOPLIST_FILE = WeatherNow/Info.plist;
				LD_RUNPATH_SEARCH_PATHS = "$(inherited) @executable_path/Frameworks";
				PRODUCT_BUNDLE_IDENTIFIER = burgyDev.WeatherNow;
				PRODUCT_NAME = "$(TARGET_NAME)";
			};
			name = Release;
		};
/* End XCBuildConfiguration section */

/* Begin XCConfigurationList section */
		A6D02E9A1C04BCF30028FB1D /* Build configuration list for PBXProject "WeatherNow" */ = {
			isa = XCConfigurationList;
			buildConfigurations = (
				A6D02EAF1C04BCF30028FB1D /* Debug */,
				A6D02EB01C04BCF30028FB1D /* Release */,
			);
			defaultConfigurationIsVisible = 0;
			defaultConfigurationName = Release;
		};
		A6D02EB11C04BCF30028FB1D /* Build configuration list for PBXNativeTarget "WeatherNow" */ = {
			isa = XCConfigurationList;
			buildConfigurations = (
				A6D02EB21C04BCF30028FB1D /* Debug */,
				A6D02EB31C04BCF30028FB1D /* Release */,
			);
			defaultConfigurationIsVisible = 0;
			defaultConfigurationName = Release;
		};
/* End XCConfigurationList section */
	};
	rootObject = A6D02E971C04BCF30028FB1D /* Project object */;
}
